
Microsoft Visual Studio Solution File, Format Version 12.00
# Visual Studio Version 16
VisualStudioVersion = 16.0.30804.86
MinimumVisualStudioVersion = 10.0.40219.1
Project("{FAE04EC0-301F-11D3-BF4B-00C04F79EFBC}") = "BookListRazor", "BookListRazor.csproj", "{D1087529-4C59-4DE0-A143-F7F88A08CF73}"
EndProject
Global
	GlobalSection(SolutionConfigurationPlatforms) = preSolution
		Debug|Any CPU = Debug|Any CPU
		Release|Any CPU = Release|Any CPU
	EndGlobalSection
	GlobalSection(ProjectConfigurationPlatforms) = postSolution
		{D1087529-4C59-4DE0-A143-F7F88A08CF73}.Debug|Any CPU.ActiveCfg = Debug|Any CPU
		{D1087529-4C59-4DE0-A143-F7F88A08CF73}.Debug|Any CPU.Build.0 = Debug|Any CPU
		{D1087529-4C59-4DE0-A143-F7F88A08CF73}.Release|Any CPU.ActiveCfg = Release|Any CPU
		{D1087529-4C59-4DE0-A143-F7F88A08CF73}.Release|Any CPU.Build.0 = Release|Any CPU
	EndGlobalSection
	GlobalSection(SolutionProperties) = preSolution
		HideSolutionNode = FALSE
	EndGlobalSection
	GlobalSection(ExtensibilityGlobals) = postSolution
		SolutionGuid = {4C6C6E4E-F47B-4748-841C-A3161B3FCC73}
	EndGlobalSection
EndGlobal
